
Microsoft Visual Studio Solution File, Format Version 12.00
# Visual Studio Version 17
VisualStudioVersion = 17.2.32526.322
MinimumVisualStudioVersion = 10.0.40219.1
Project("{FAE04EC0-301F-11D3-BF4B-00C04F79EFBC}") = "LinqQueries", "LinqQueries\LinqQueries.csproj", "{219E0501-0AEE-4904-BC7C-6F38F7949435}"
EndProject
Global
	GlobalSection(SolutionConfigurationPlatforms) = preSolution
		Debug|Any CPU = Debug|Any CPU
		Release|Any CPU = Release|Any CPU
	EndGlobalSection
	GlobalSection(ProjectConfigurationPlatforms) = postSolution
		{219E0501-0AEE-4904-BC7C-6F38F7949435}.Debug|Any CPU.ActiveCfg = Debug|Any CPU
		{219E0501-0AEE-4904-BC7C-6F38F7949435}.Debug|Any CPU.Build.0 = Debug|Any CPU
		{219E0501-0AEE-4904-BC7C-6F38F7949435}.Release|Any CPU.ActiveCfg = Release|Any CPU
		{219E0501-0AEE-4904-BC7C-6F38F7949435}.Release|Any CPU.Build.0 = Release|Any CPU
	EndGlobalSection
	GlobalSection(SolutionProperties) = preSolution
		HideSolutionNode = FALSE
	EndGlobalSection
	GlobalSection(ExtensibilityGlobals) = postSolution
		SolutionGuid = {3B6D8A00-274A-46BB-93AA-F87F5F6838F9}
	EndGlobalSection
EndGlobal
